// !$*UTF8*$!
{
	archiveVersion = 1;
	classes = {
	};
	objectVersion = 50;
	objects = {

/* Begin PBXBuildFile section */
		0906301126E7477A00EA1B43 /* SpacerOnlyForOnlyDevicesWithoutANotch.swift in Sources */ = {isa = PBXBuildFile; fileRef = 0906301026E7477A00EA1B43 /* SpacerOnlyForOnlyDevicesWithoutANotch.swift */; };
		0906301326E755C800EA1B43 /* urlByURLComponents.swift in Sources */ = {isa = PBXBuildFile; fileRef = 0906301226E755C800EA1B43 /* urlByURLComponents.swift */; };
		091DC9B126E10D5E00C4F2CF /* FontTestView.swift in Sources */ = {isa = PBXBuildFile; fileRef = 091DC9B026E10D5E00C4F2CF /* FontTestView.swift */; };
		091DC9B326E1105A00C4F2CF /* Color extension.swift in Sources */ = {isa = PBXBuildFile; fileRef = 091DC9B226E1105A00C4F2CF /* Color extension.swift */; };
		092B308D26E5DE9200B2222B /* IgnoreSafeArea_Unversal.swift in Sources */ = {isa = PBXBuildFile; fileRef = 092B308C26E5DE9200B2222B /* IgnoreSafeArea_Unversal.swift */; };
		092B308F26E5E91200B2222B /* BackgroundUIView.swift in Sources */ = {isa = PBXBuildFile; fileRef = 092B308E26E5E91200B2222B /* BackgroundUIView.swift */; };
		092B309126E5F93C00B2222B /* errorReason.swift in Sources */ = {isa = PBXBuildFile; fileRef = 092B309026E5F93C00B2222B /* errorReason.swift */; };
		092B309326E5FE0C00B2222B /* sneakPeak_JSONObject.swift in Sources */ = {isa = PBXBuildFile; fileRef = 092B309226E5FE0C00B2222B /* sneakPeak_JSONObject.swift */; };
		09341BFD26E4E9DB00C212E1 /* FacadeView.swift in Sources */ = {isa = PBXBuildFile; fileRef = 09341BFC26E4E9DB00C212E1 /* FacadeView.swift */; };
		09341BFF26E5053500C212E1 /* TheShapeImageView.swift in Sources */ = {isa = PBXBuildFile; fileRef = 09341BFE26E5053500C212E1 /* TheShapeImageView.swift */; };
		09341C0126E505CA00C212E1 /* TheGlobalUIParameter.swift in Sources */ = {isa = PBXBuildFile; fileRef = 09341C0026E505C900C212E1 /* TheGlobalUIParameter.swift */; };
		0962BF2726E6440100AC7CB1 /* AnimatingTextView.swift in Sources */ = {isa = PBXBuildFile; fileRef = 0962BF2626E6440100AC7CB1 /* AnimatingTextView.swift */; };
		0962BF2926E6492500AC7CB1 /* CopyButtonView.swift in Sources */ = {isa = PBXBuildFile; fileRef = 0962BF2826E6492500AC7CB1 /* CopyButtonView.swift */; };
		0962BF2B26E6614A00AC7CB1 /* UpperCellDataView.swift in Sources */ = {isa = PBXBuildFile; fileRef = 0962BF2A26E6614A00AC7CB1 /* UpperCellDataView.swift */; };
		0962BF2D26E6630200AC7CB1 /* LowerCellInputView.swift in Sources */ = {isa = PBXBuildFile; fileRef = 0962BF2C26E6630200AC7CB1 /* LowerCellInputView.swift */; };
		09664EA426E784D3000DF64C /* RoundedRectangkeOverlay.swift in Sources */ = {isa = PBXBuildFile; fileRef = 09664EA326E784D3000DF64C /* RoundedRectangkeOverlay.swift */; };
		0994293426E511C600B9298B /* ConditionalTextFieldOverlayModifier.swift in Sources */ = {isa = PBXBuildFile; fileRef = 0994293326E511C600B9298B /* ConditionalTextFieldOverlayModifier.swift */; };
		09A5E03226E7129A00C0854D /* AdaptivePaddingOverAllDevices.swift in Sources */ = {isa = PBXBuildFile; fileRef = 09A5E03126E7129A00C0854D /* AdaptivePaddingOverAllDevices.swift */; };
		09B366B226E5BCEA003E2BDE /* DebuggingBorderModifier.swift in Sources */ = {isa = PBXBuildFile; fileRef = 09B366B126E5BCEA003E2BDE /* DebuggingBorderModifier.swift */; };
		09D259D826E0E46400E78369 /* Assets.xcassets in Resources */ = {isa = PBXBuildFile; fileRef = 09D259D726E0E46400E78369 /* Assets.xcassets */; };
		09D259DB26E0E46400E78369 /* Preview Assets.xcassets in Resources */ = {isa = PBXBuildFile; fileRef = 09D259DA26E0E46400E78369 /* Preview Assets.xcassets */; };
		09D259E626E0E46400E78369 /* shortly_app_swiftui_fmlzpwTests.swift in Sources */ = {isa = PBXBuildFile; fileRef = 09D259E526E0E46400E78369 /* shortly_app_swiftui_fmlzpwTests.swift */; };
		09D259F126E0E46400E78369 /* shortly_app_swiftui_fmlzpwUITests.swift in Sources */ = {isa = PBXBuildFile; fileRef = 09D259F026E0E46400E78369 /* shortly_app_swiftui_fmlzpwUITests.swift */; };
		09D25A1726E0E5BF00E78369 /* shortly_app_swiftui_fmlzpwApp.swift in Sources */ = {isa = PBXBuildFile; fileRef = 09D259FF26E0E5BF00E78369 /* shortly_app_swiftui_fmlzpwApp.swift */; };
		09D25A1826E0E5BF00E78369 /* UrlAndShortened_Pair.swift in Sources */ = {isa = PBXBuildFile; fileRef = 09D25A0026E0E5BF00E78369 /* UrlAndShortened_Pair.swift */; };
		09D25A1926E0E5BF00E78369 /* README.md in Resources */ = {isa = PBXBuildFile; fileRef = 09D25A0126E0E5BF00E78369 /* README.md */; };
		09D25A1A26E0E5BF00E78369 /* ContentView.swift in Sources */ = {isa = PBXBuildFile; fileRef = 09D25A0226E0E5BF00E78369 /* ContentView.swift */; };
		09D25A1B26E0E5BF00E78369 /* Poppins-ExtraLight.ttf in Resources */ = {isa = PBXBuildFile; fileRef = 09D25A0426E0E5BF00E78369 /* Poppins-ExtraLight.ttf */; };
		09D25A1C26E0E5BF00E78369 /* Poppins-ThinItalic.ttf in Resources */ = {isa = PBXBuildFile; fileRef = 09D25A0526E0E5BF00E78369 /* Poppins-ThinItalic.ttf */; };
		09D25A1D26E0E5BF00E78369 /* Poppins-ExtraLightItalic.ttf in Resources */ = {isa = PBXBuildFile; fileRef = 09D25A0626E0E5BF00E78369 /* Poppins-ExtraLightItalic.ttf */; };
		09D25A1E26E0E5BF00E78369 /* Poppins-BoldItalic.ttf in Resources */ = {isa = PBXBuildFile; fileRef = 09D25A0726E0E5BF00E78369 /* Poppins-BoldItalic.ttf */; };
		09D25A1F26E0E5BF00E78369 /* Poppins-Light.ttf in Resources */ = {isa = PBXBuildFile; fileRef = 09D25A0826E0E5BF00E78369 /* Poppins-Light.ttf */; };
		09D25A2026E0E5BF00E78369 /* Poppins-Medium.ttf in Resources */ = {isa = PBXBuildFile; fileRef = 09D25A0926E0E5BF00E78369 /* Poppins-Medium.ttf */; };
		09D25A2126E0E5BF00E78369 /* Poppins-SemiBoldItalic.ttf in Resources */ = {isa = PBXBuildFile; fileRef = 09D25A0A26E0E5BF00E78369 /* Poppins-SemiBoldItalic.ttf */; };
		09D25A2226E0E5BF00E78369 /* Poppins-ExtraBoldItalic.ttf in Resources */ = {isa = PBXBuildFile; fileRef = 09D25A0B26E0E5BF00E78369 /* Poppins-ExtraBoldItalic.ttf */; };
		09D25A2326E0E5BF00E78369 /* Poppins-ExtraBold.ttf in Resources */ = {isa = PBXBuildFile; fileRef = 09D25A0C26E0E5BF00E78369 /* Poppins-ExtraBold.ttf */; };
		09D25A2426E0E5BF00E78369 /* Poppins-BlackItalic.ttf in Resources */ = {isa = PBXBuildFile; fileRef = 09D25A0D26E0E5BF00E78369 /* Poppins-BlackItalic.ttf */; };
		09D25A2526E0E5BF00E78369 /* OFL.txt in Resources */ = {isa = PBXBuildFile; fileRef = 09D25A0E26E0E5BF00E78369 /* OFL.txt */; };
		09D25A2626E0E5BF00E78369 /* Poppins-Regular.ttf in Resources */ = {isa = PBXBuildFile; fileRef = 09D25A0F26E0E5BF00E78369 /* Poppins-Regular.ttf */; };
		09D25A2726E0E5BF00E78369 /* Poppins-LightItalic.ttf in Resources */ = {isa = PBXBuildFile; fileRef = 09D25A1026E0E5BF00E78369 /* Poppins-LightItalic.ttf */; };
		09D25A2826E0E5BF00E78369 /* Poppins-Bold.ttf in Resources */ = {isa = PBXBuildFile; fileRef = 09D25A1126E0E5BF00E78369 /* Poppins-Bold.ttf */; };
		09D25A2926E0E5BF00E78369 /* Poppins-Black.ttf in Resources */ = {isa = PBXBuildFile; fileRef = 09D25A1226E0E5BF00E78369 /* Poppins-Black.ttf */; };
		09D25A2A26E0E5BF00E78369 /* Poppins-Thin.ttf in Resources */ = {isa = PBXBuildFile; fileRef = 09D25A1326E0E5BF00E78369 /* Poppins-Thin.ttf */; };
		09D25A2B26E0E5BF00E78369 /* Poppins-SemiBold.ttf in Resources */ = {isa = PBXBuildFile; fileRef = 09D25A1426E0E5BF00E78369 /* Poppins-SemiBold.ttf */; };
		09D25A2C26E0E5BF00E78369 /* Poppins-Italic.ttf in Resources */ = {isa = PBXBuildFile; fileRef = 09D25A1526E0E5BF00E78369 /* Poppins-Italic.ttf */; };
		09D25A2D26E0E5BF00E78369 /* Poppins-MediumItalic.ttf in Resources */ = {isa = PBXBuildFile; fileRef = 09D25A1626E0E5BF00E78369 /* Poppins-MediumItalic.ttf */; };
		09E3D65226E1E9FA00B79222 /* Array extension.swift in Sources */ = {isa = PBXBuildFile; fileRef = 09E3D65126E1E9FA00B79222 /* Array extension.swift */; };
		09E3D65426E214F700B79222 /* String extension.swift in Sources */ = {isa = PBXBuildFile; fileRef = 09E3D65326E214F700B79222 /* String extension.swift */; };
/* End PBXBuildFile section */

/* Begin PBXContainerItemProxy section */
		09D259E226E0E46400E78369 /* PBXContainerItemProxy */ = {
			isa = PBXContainerItemProxy;
			containerPortal = 09D259C826E0E46200E78369 /* Project object */;
			proxyType = 1;
			remoteGlobalIDString = 09D259CF26E0E46200E78369;
			remoteInfo = "shortly-app-swiftui-fmlzpw";
		};
		09D259ED26E0E46400E78369 /* PBXContainerItemProxy */ = {
			isa = PBXContainerItemProxy;
			containerPortal = 09D259C826E0E46200E78369 /* Project object */;
			proxyType = 1;
			remoteGlobalIDString = 09D259CF26E0E46200E78369;
			remoteInfo = "shortly-app-swiftui-fmlzpw";
		};
/* End PBXContainerItemProxy section */

/* Begin PBXFileReference section */
		0906301026E7477A00EA1B43 /* SpacerOnlyForOnlyDevicesWithoutANotch.swift */ = {isa = PBXFileReference; lastKnownFileType = sourcecode.swift; path = SpacerOnlyForOnlyDevicesWithoutANotch.swift; sourceTree = "<group>"; };
		0906301226E755C800EA1B43 /* urlByURLComponents.swift */ = {isa = PBXFileReference; lastKnownFileType = sourcecode.swift; path = urlByURLComponents.swift; sourceTree = "<group>"; };
		091DC9A126E108AC00C4F2CF /* 1.3_main_screen_link_history.png */ = {isa = PBXFileReference; lastKnownFileType = image.png; path = 1.3_main_screen_link_history.png; sourceTree = "<group>"; };
		091DC9A226E108AC00C4F2CF /* 1.2_main_screen_empty_missing_link.png */ = {isa = PBXFileReference; lastKnownFileType = image.png; path = 1.2_main_screen_empty_missing_link.png; sourceTree = "<group>"; };
		091DC9A326E108AC00C4F2CF /* 1.1_main_screen_empty.png */ = {isa = PBXFileReference; lastKnownFileType = image.png; path = 1.1_main_screen_empty.png; sourceTree = "<group>"; };
		091DC9A526E108AC00C4F2CF /* shape.svg */ = {isa = PBXFileReference; lastKnownFileType = text; path = shape.svg; sourceTree = "<group>"; };
		091DC9A626E108AC00C4F2CF /* illustration.svg */ = {isa = PBXFileReference; lastKnownFileType = text; path = illustration.svg; sourceTree = "<group>"; };
		091DC9A726E108AC00C4F2CF /* logo.svg */ = {isa = PBXFileReference; lastKnownFileType = text; path = logo.svg; sourceTree = "<group>"; };
		091DC9A826E108AC00C4F2CF /* del.svg */ = {isa = PBXFileReference; lastKnownFileType = text; path = del.svg; sourceTree = "<group>"; };
		091DC9A926E108AC00C4F2CF /* CS README.md */ = {isa = PBXFileReference; lastKnownFileType = net.daringfireball.markdown; path = "CS README.md"; sourceTree = "<group>"; };
		091DC9AA26E108AC00C4F2CF /* style-guide.md */ = {isa = PBXFileReference; lastKnownFileType = net.daringfireball.markdown; path = "style-guide.md"; sourceTree = "<group>"; };
		091DC9AC26E1090F00C4F2CF /* command line attempts.png */ = {isa = PBXFileReference; lastKnownFileType = image.png; path = "command line attempts.png"; sourceTree = "<group>"; };
		091DC9AD26E1090F00C4F2CF /* bug due to starbucks.png */ = {isa = PBXFileReference; lastKnownFileType = image.png; path = "bug due to starbucks.png"; sourceTree = "<group>"; };
		091DC9AE26E1090F00C4F2CF /* the screen I saw.png */ = {isa = PBXFileReference; lastKnownFileType = image.png; path = "the screen I saw.png"; sourceTree = "<group>"; };
		091DC9AF26E1093100C4F2CF /* The Problem I faced.md */ = {isa = PBXFileReference; lastKnownFileType = net.daringfireball.markdown; path = "The Problem I faced.md"; sourceTree = "<group>"; };
		091DC9B026E10D5E00C4F2CF /* FontTestView.swift */ = {isa = PBXFileReference; lastKnownFileType = sourcecode.swift; path = FontTestView.swift; sourceTree = "<group>"; };
		091DC9B226E1105A00C4F2CF /* Color extension.swift */ = {isa = PBXFileReference; lastKnownFileType = sourcecode.swift; path = "Color extension.swift"; sourceTree = "<group>"; };
		092B308C26E5DE9200B2222B /* IgnoreSafeArea_Unversal.swift */ = {isa = PBXFileReference; lastKnownFileType = sourcecode.swift; path = IgnoreSafeArea_Unversal.swift; sourceTree = "<group>"; };
		092B308E26E5E91200B2222B /* BackgroundUIView.swift */ = {isa = PBXFileReference; lastKnownFileType = sourcecode.swift; path = BackgroundUIView.swift; sourceTree = "<group>"; };
		092B309026E5F93C00B2222B /* errorReason.swift */ = {isa = PBXFileReference; lastKnownFileType = sourcecode.swift; path = errorReason.swift; sourceTree = "<group>"; };
		092B309226E5FE0C00B2222B /* sneakPeak_JSONObject.swift */ = {isa = PBXFileReference; lastKnownFileType = sourcecode.swift; path = sneakPeak_JSONObject.swift; sourceTree = "<group>"; };
		0931040826E9E43700699409 /* shortly demo by sungwook.mov */ = {isa = PBXFileReference; lastKnownFileType = video.quicktime; name = "shortly demo by sungwook.mov"; path = "../../../../../../../Users/sungwook/Downloads/shortly demo by sungwook.mov"; sourceTree = "<group>"; };
		09341BFC26E4E9DB00C212E1 /* FacadeView.swift */ = {isa = PBXFileReference; lastKnownFileType = sourcecode.swift; path = FacadeView.swift; sourceTree = "<group>"; };
		09341BFE26E5053500C212E1 /* TheShapeImageView.swift */ = {isa = PBXFileReference; lastKnownFileType = sourcecode.swift; path = TheShapeImageView.swift; sourceTree = "<group>"; };
		09341C0026E505C900C212E1 /* TheGlobalUIParameter.swift */ = {isa = PBXFileReference; lastKnownFileType = sourcecode.swift; path = TheGlobalUIParameter.swift; sourceTree = "<group>"; };
		0962BF2626E6440100AC7CB1 /* AnimatingTextView.swift */ = {isa = PBXFileReference; lastKnownFileType = sourcecode.swift; path = AnimatingTextView.swift; sourceTree = "<group>"; };
		0962BF2826E6492500AC7CB1 /* CopyButtonView.swift */ = {isa = PBXFileReference; lastKnownFileType = sourcecode.swift; path = CopyButtonView.swift; sourceTree = "<group>"; };
		0962BF2A26E6614A00AC7CB1 /* UpperCellDataView.swift */ = {isa = PBXFileReference; lastKnownFileType = sourcecode.swift; path = UpperCellDataView.swift; sourceTree = "<group>"; };
		0962BF2C26E6630200AC7CB1 /* LowerCellInputView.swift */ = {isa = PBXFileReference; lastKnownFileType = sourcecode.swift; path = LowerCellInputView.swift; sourceTree = "<group>"; };
		09664EA326E784D3000DF64C /* RoundedRectangkeOverlay.swift */ = {isa = PBXFileReference; lastKnownFileType = sourcecode.swift; path = RoundedRectangkeOverlay.swift; sourceTree = "<group>"; };
		0994293326E511C600B9298B /* ConditionalTextFieldOverlayModifier.swift */ = {isa = PBXFileReference; lastKnownFileType = sourcecode.swift; path = ConditionalTextFieldOverlayModifier.swift; sourceTree = "<group>"; };
		09A5E03126E7129A00C0854D /* AdaptivePaddingOverAllDevices.swift */ = {isa = PBXFileReference; lastKnownFileType = sourcecode.swift; path = AdaptivePaddingOverAllDevices.swift; sourceTree = "<group>"; };
		09A5E03426E7303F00C0854D /* OS.log Test - URLSession 18 seconds.png */ = {isa = PBXFileReference; lastKnownFileType = image.png; path = "OS.log Test - URLSession 18 seconds.png"; sourceTree = "<group>"; };
		09A5E03526E7343C00C0854D /* HTTP Traffic not enabled for iPhoneSE2.png */ = {isa = PBXFileReference; lastKnownFileType = image.png; path = "HTTP Traffic not enabled for iPhoneSE2.png"; sourceTree = "<group>"; };
		09B366B126E5BCEA003E2BDE /* DebuggingBorderModifier.swift */ = {isa = PBXFileReference; lastKnownFileType = sourcecode.swift; path = DebuggingBorderModifier.swift; sourceTree = "<group>"; };
		09D259D026E0E46200E78369 /* shortly-app-swiftui-fmlzpw.app */ = {isa = PBXFileReference; explicitFileType = wrapper.application; includeInIndex = 0; path = "shortly-app-swiftui-fmlzpw.app"; sourceTree = BUILT_PRODUCTS_DIR; };
		09D259D726E0E46400E78369 /* Assets.xcassets */ = {isa = PBXFileReference; lastKnownFileType = folder.assetcatalog; path = Assets.xcassets; sourceTree = "<group>"; };
		09D259DA26E0E46400E78369 /* Preview Assets.xcassets */ = {isa = PBXFileReference; lastKnownFileType = folder.assetcatalog; path = "Preview Assets.xcassets"; sourceTree = "<group>"; };
		09D259DC26E0E46400E78369 /* Info.plist */ = {isa = PBXFileReference; lastKnownFileType = text.plist.xml; path = Info.plist; sourceTree = "<group>"; };
		09D259E126E0E46400E78369 /* shortly-app-swiftui-fmlzpwTests.xctest */ = {isa = PBXFileReference; explicitFileType = wrapper.cfbundle; includeInIndex = 0; path = "shortly-app-swiftui-fmlzpwTests.xctest"; sourceTree = BUILT_PRODUCTS_DIR; };
		09D259E526E0E46400E78369 /* shortly_app_swiftui_fmlzpwTests.swift */ = {isa = PBXFileReference; lastKnownFileType = sourcecode.swift; path = shortly_app_swiftui_fmlzpwTests.swift; sourceTree = "<group>"; };
		09D259E726E0E46400E78369 /* Info.plist */ = {isa = PBXFileReference; lastKnownFileType = text.plist.xml; path = Info.plist; sourceTree = "<group>"; };
		09D259EC26E0E46400E78369 /* shortly-app-swiftui-fmlzpwUITests.xctest */ = {isa = PBXFileReference; explicitFileType = wrapper.cfbundle; includeInIndex = 0; path = "shortly-app-swiftui-fmlzpwUITests.xctest"; sourceTree = BUILT_PRODUCTS_DIR; };
		09D259F026E0E46400E78369 /* shortly_app_swiftui_fmlzpwUITests.swift */ = {isa = PBXFileReference; lastKnownFileType = sourcecode.swift; path = shortly_app_swiftui_fmlzpwUITests.swift; sourceTree = "<group>"; };
		09D259F226E0E46400E78369 /* Info.plist */ = {isa = PBXFileReference; lastKnownFileType = text.plist.xml; path = Info.plist; sourceTree = "<group>"; };
		09D259FF26E0E5BF00E78369 /* shortly_app_swiftui_fmlzpwApp.swift */ = {isa = PBXFileReference; fileEncoding = 4; lastKnownFileType = sourcecode.swift; path = shortly_app_swiftui_fmlzpwApp.swift; sourceTree = "<group>"; };
		09D25A0026E0E5BF00E78369 /* UrlAndShortened_Pair.swift */ = {isa = PBXFileReference; fileEncoding = 4; lastKnownFileType = sourcecode.swift; path = UrlAndShortened_Pair.swift; sourceTree = "<group>"; };
		09D25A0126E0E5BF00E78369 /* README.md */ = {isa = PBXFileReference; fileEncoding = 4; lastKnownFileType = net.daringfireball.markdown; name = README.md; path = "shortly-app-swiftui-fmlzpw/design/README.md"; sourceTree = "<group>"; };
		09D25A0226E0E5BF00E78369 /* ContentView.swift */ = {isa = PBXFileReference; fileEncoding = 4; lastKnownFileType = sourcecode.swift; path = ContentView.swift; sourceTree = "<group>"; };
		09D25A0426E0E5BF00E78369 /* Poppins-ExtraLight.ttf */ = {isa = PBXFileReference; lastKnownFileType = file; path = "Poppins-ExtraLight.ttf"; sourceTree = "<group>"; };
		09D25A0526E0E5BF00E78369 /* Poppins-ThinItalic.ttf */ = {isa = PBXFileReference; lastKnownFileType = file; path = "Poppins-ThinItalic.ttf"; sourceTree = "<group>"; };
		09D25A0626E0E5BF00E78369 /* Poppins-ExtraLightItalic.ttf */ = {isa = PBXFileReference; lastKnownFileType = file; path = "Poppins-ExtraLightItalic.ttf"; sourceTree = "<group>"; };
		09D25A0726E0E5BF00E78369 /* Poppins-BoldItalic.ttf */ = {isa = PBXFileReference; lastKnownFileType = file; path = "Poppins-BoldItalic.ttf"; sourceTree = "<group>"; };
		09D25A0826E0E5BF00E78369 /* Poppins-Light.ttf */ = {isa = PBXFileReference; lastKnownFileType = file; path = "Poppins-Light.ttf"; sourceTree = "<group>"; };
		09D25A0926E0E5BF00E78369 /* Poppins-Medium.ttf */ = {isa = PBXFileReference; lastKnownFileType = file; path = "Poppins-Medium.ttf"; sourceTree = "<group>"; };
		09D25A0A26E0E5BF00E78369 /* Poppins-SemiBoldItalic.ttf */ = {isa = PBXFileReference; lastKnownFileType = file; path = "Poppins-SemiBoldItalic.ttf"; sourceTree = "<group>"; };
		09D25A0B26E0E5BF00E78369 /* Poppins-ExtraBoldItalic.ttf */ = {isa = PBXFileReference; lastKnownFileType = file; path = "Poppins-ExtraBoldItalic.ttf"; sourceTree = "<group>"; };
		09D25A0C26E0E5BF00E78369 /* Poppins-ExtraBold.ttf */ = {isa = PBXFileReference; lastKnownFileType = file; path = "Poppins-ExtraBold.ttf"; sourceTree = "<group>"; };
		09D25A0D26E0E5BF00E78369 /* Poppins-BlackItalic.ttf */ = {isa = PBXFileReference; lastKnownFileType = file; path = "Poppins-BlackItalic.ttf"; sourceTree = "<group>"; };
		09D25A0E26E0E5BF00E78369 /* OFL.txt */ = {isa = PBXFileReference; fileEncoding = 4; lastKnownFileType = text; path = OFL.txt; sourceTree = "<group>"; };
		09D25A0F26E0E5BF00E78369 /* Poppins-Regular.ttf */ = {isa = PBXFileReference; lastKnownFileType = file; path = "Poppins-Regular.ttf"; sourceTree = "<group>"; };
		09D25A1026E0E5BF00E78369 /* Poppins-LightItalic.ttf */ = {isa = PBXFileReference; lastKnownFileType = file; path = "Poppins-LightItalic.ttf"; sourceTree = "<group>"; };
		09D25A1126E0E5BF00E78369 /* Poppins-Bold.ttf */ = {isa = PBXFileReference; lastKnownFileType = file; path = "Poppins-Bold.ttf"; sourceTree = "<group>"; };
		09D25A1226E0E5BF00E78369 /* Poppins-Black.ttf */ = {isa = PBXFileReference; lastKnownFileType = file; path = "Poppins-Black.ttf"; sourceTree = "<group>"; };
		09D25A1326E0E5BF00E78369 /* Poppins-Thin.ttf */ = {isa = PBXFileReference; lastKnownFileType = file; path = "Poppins-Thin.ttf"; sourceTree = "<group>"; };
		09D25A1426E0E5BF00E78369 /* Poppins-SemiBold.ttf */ = {isa = PBXFileReference; lastKnownFileType = file; path = "Poppins-SemiBold.ttf"; sourceTree = "<group>"; };
		09D25A1526E0E5BF00E78369 /* Poppins-Italic.ttf */ = {isa = PBXFileReference; lastKnownFileType = file; path = "Poppins-Italic.ttf"; sourceTree = "<group>"; };
		09D25A1626E0E5BF00E78369 /* Poppins-MediumItalic.ttf */ = {isa = PBXFileReference; lastKnownFileType = file; path = "Poppins-MediumItalic.ttf"; sourceTree = "<group>"; };
		09E3D65126E1E9FA00B79222 /* Array extension.swift */ = {isa = PBXFileReference; lastKnownFileType = sourcecode.swift; path = "Array extension.swift"; sourceTree = "<group>"; };
		09E3D65326E214F700B79222 /* String extension.swift */ = {isa = PBXFileReference; lastKnownFileType = sourcecode.swift; path = "String extension.swift"; sourceTree = "<group>"; };
/* End PBXFileReference section */

/* Begin PBXFrameworksBuildPhase section */
		09D259CD26E0E46200E78369 /* Frameworks */ = {
			isa = PBXFrameworksBuildPhase;
			buildActionMask = 2147483647;
			files = (
			);
			runOnlyForDeploymentPostprocessing = 0;
		};
		09D259DE26E0E46400E78369 /* Frameworks */ = {
			isa = PBXFrameworksBuildPhase;
			buildActionMask = 2147483647;
			files = (
			);
			runOnlyForDeploymentPostprocessing = 0;
		};
		09D259E926E0E46400E78369 /* Frameworks */ = {
			isa = PBXFrameworksBuildPhase;
			buildActionMask = 2147483647;
			files = (
			);
			runOnlyForDeploymentPostprocessing = 0;
		};
/* End PBXFrameworksBuildPhase section */

/* Begin PBXGroup section */
		091DC99F26E108AC00C4F2CF /* Documents for The Code Challenge */ = {
			isa = PBXGroup;
			children = (
				091DC9A026E108AC00C4F2CF /* design */,
				091DC9A426E108AC00C4F2CF /* images */,
				091DC9A926E108AC00C4F2CF /* CS README.md */,
				091DC9AA26E108AC00C4F2CF /* style-guide.md */,
			);
			path = "Documents for The Code Challenge";
			sourceTree = SOURCE_ROOT;
		};
		091DC9A026E108AC00C4F2CF /* design */ = {
			isa = PBXGroup;
			children = (
				091DC9A126E108AC00C4F2CF /* 1.3_main_screen_link_history.png */,
				091DC9A226E108AC00C4F2CF /* 1.2_main_screen_empty_missing_link.png */,
				091DC9A326E108AC00C4F2CF /* 1.1_main_screen_empty.png */,
			);
			path = design;
			sourceTree = "<group>";
		};
		091DC9A426E108AC00C4F2CF /* images */ = {
			isa = PBXGroup;
			children = (
				091DC9A526E108AC00C4F2CF /* shape.svg */,
				091DC9A626E108AC00C4F2CF /* illustration.svg */,
				091DC9A726E108AC00C4F2CF /* logo.svg */,
				091DC9A826E108AC00C4F2CF /* del.svg */,
			);
			path = images;
			sourceTree = "<group>";
		};
		091DC9AB26E1090F00C4F2CF /* Network glitch, ownership problem, etc */ = {
			isa = PBXGroup;
			children = (
				091DC9AF26E1093100C4F2CF /* The Problem I faced.md */,
				091DC9AC26E1090F00C4F2CF /* command line attempts.png */,
				091DC9AD26E1090F00C4F2CF /* bug due to starbucks.png */,
				091DC9AE26E1090F00C4F2CF /* the screen I saw.png */,
			);
			name = "Network glitch, ownership problem, etc";
			path = "shortly-app-swiftui-fmlzpw/design/Network glitch, ownership problem, etc";
			sourceTree = SOURCE_ROOT;
		};
		0931040726E9D9B500699409 /* OS logging test and HTTP Traffic test on Instruments */ = {
			isa = PBXGroup;
			children = (
				09A5E03426E7303F00C0854D /* OS.log Test - URLSession 18 seconds.png */,
				09A5E03526E7343C00C0854D /* HTTP Traffic not enabled for iPhoneSE2.png */,
			);
			path = "OS logging test and HTTP Traffic test on Instruments";
			sourceTree = "<group>";
		};
		09A5E02E26E7060500C0854D /* SwiftUI Views */ = {
			isa = PBXGroup;
			children = (
				09D25A0226E0E5BF00E78369 /* ContentView.swift */,
				09341BFC26E4E9DB00C212E1 /* FacadeView.swift */,
				0962BF2A26E6614A00AC7CB1 /* UpperCellDataView.swift */,
				0962BF2C26E6630200AC7CB1 /* LowerCellInputView.swift */,
				091DC9B026E10D5E00C4F2CF /* FontTestView.swift */,
				092B308E26E5E91200B2222B /* BackgroundUIView.swift */,
				0962BF2626E6440100AC7CB1 /* AnimatingTextView.swift */,
				09341BFE26E5053500C212E1 /* TheShapeImageView.swift */,
				0962BF2826E6492500AC7CB1 /* CopyButtonView.swift */,
				0906301026E7477A00EA1B43 /* SpacerOnlyForOnlyDevicesWithoutANotch.swift */,
			);
			path = "SwiftUI Views";
			sourceTree = "<group>";
		};
		09A5E02F26E7064A00C0854D /* View Modifiers */ = {
			isa = PBXGroup;
			children = (
				092B308C26E5DE9200B2222B /* IgnoreSafeArea_Unversal.swift */,
				0994293326E511C600B9298B /* ConditionalTextFieldOverlayModifier.swift */,
				09B366B126E5BCEA003E2BDE /* DebuggingBorderModifier.swift */,
				09A5E03126E7129A00C0854D /* AdaptivePaddingOverAllDevices.swift */,
				09664EA326E784D3000DF64C /* RoundedRectangkeOverlay.swift */,
			);
			path = "View Modifiers";
			sourceTree = "<group>";
		};
		09A5E03026E7066600C0854D /* extensions */ = {
			isa = PBXGroup;
			children = (
				091DC9B226E1105A00C4F2CF /* Color extension.swift */,
				09E3D65126E1E9FA00B79222 /* Array extension.swift */,
				09E3D65326E214F700B79222 /* String extension.swift */,
			);
			path = extensions;
			sourceTree = "<group>";
		};
		09A5E03326E7287E00C0854D /* Debugging */ = {
			isa = PBXGroup;
			children = (
				092B309226E5FE0C00B2222B /* sneakPeak_JSONObject.swift */,
			);
			path = Debugging;
			sourceTree = "<group>";
		};
		09D259C726E0E46200E78369 = {
			isa = PBXGroup;
			children = (
				09D25A0126E0E5BF00E78369 /* README.md */,
				0931040826E9E43700699409 /* shortly demo by sungwook.mov */,
				09D259D226E0E46200E78369 /* shortly-app-swiftui-fmlzpw */,
				09D259E426E0E46400E78369 /* shortly-app-swiftui-fmlzpwTests */,
				09D259EF26E0E46400E78369 /* shortly-app-swiftui-fmlzpwUITests */,
				09D259D126E0E46200E78369 /* Products */,
			);
			sourceTree = "<group>";
		};
		09D259D126E0E46200E78369 /* Products */ = {
			isa = PBXGroup;
			children = (
				09D259D026E0E46200E78369 /* shortly-app-swiftui-fmlzpw.app */,
				09D259E126E0E46400E78369 /* shortly-app-swiftui-fmlzpwTests.xctest */,
				09D259EC26E0E46400E78369 /* shortly-app-swiftui-fmlzpwUITests.xctest */,
			);
			name = Products;
			sourceTree = "<group>";
		};
		09D259D226E0E46200E78369 /* shortly-app-swiftui-fmlzpw */ = {
			isa = PBXGroup;
			children = (
				091DC99F26E108AC00C4F2CF /* Documents for The Code Challenge */,
				09D259FE26E0E5BF00E78369 /* design */,
				09D259D726E0E46400E78369 /* Assets.xcassets */,
				09D259DC26E0E46400E78369 /* Info.plist */,
				09D259D926E0E46400E78369 /* Preview Content */,
			);
			path = "shortly-app-swiftui-fmlzpw";
			sourceTree = "<group>";
		};
		09D259D926E0E46400E78369 /* Preview Content */ = {
			isa = PBXGroup;
			children = (
				09D259DA26E0E46400E78369 /* Preview Assets.xcassets */,
			);
			path = "Preview Content";
			sourceTree = "<group>";
		};
		09D259E426E0E46400E78369 /* shortly-app-swiftui-fmlzpwTests */ = {
			isa = PBXGroup;
			children = (
				09D259E526E0E46400E78369 /* shortly_app_swiftui_fmlzpwTests.swift */,
				09D259E726E0E46400E78369 /* Info.plist */,
			);
			path = "shortly-app-swiftui-fmlzpwTests";
			sourceTree = "<group>";
		};
		09D259EF26E0E46400E78369 /* shortly-app-swiftui-fmlzpwUITests */ = {
			isa = PBXGroup;
			children = (
				09D259F026E0E46400E78369 /* shortly_app_swiftui_fmlzpwUITests.swift */,
				09D259F226E0E46400E78369 /* Info.plist */,
			);
			path = "shortly-app-swiftui-fmlzpwUITests";
			sourceTree = "<group>";
		};
		09D259FE26E0E5BF00E78369 /* design */ = {
			isa = PBXGroup;
			children = (
				091DC9AB26E1090F00C4F2CF /* Network glitch, ownership problem, etc */,
				0931040726E9D9B500699409 /* OS logging test and HTTP Traffic test on Instruments */,
				09A5E02E26E7060500C0854D /* SwiftUI Views */,
				09A5E02F26E7064A00C0854D /* View Modifiers */,
				09A5E03026E7066600C0854D /* extensions */,
				09A5E03326E7287E00C0854D /* Debugging */,
				09341C0026E505C900C212E1 /* TheGlobalUIParameter.swift */,
				09D25A0026E0E5BF00E78369 /* UrlAndShortened_Pair.swift */,
				09D259FF26E0E5BF00E78369 /* shortly_app_swiftui_fmlzpwApp.swift */,
				092B309026E5F93C00B2222B /* errorReason.swift */,
				0906301226E755C800EA1B43 /* urlByURLComponents.swift */,
				09D25A0326E0E5BF00E78369 /* Poppins */,
			);
			path = design;
			sourceTree = "<group>";
		};
		09D25A0326E0E5BF00E78369 /* Poppins */ = {
			isa = PBXGroup;
			children = (
				09D25A0E26E0E5BF00E78369 /* OFL.txt */,
				09D25A0426E0E5BF00E78369 /* Poppins-ExtraLight.ttf */,
				09D25A0526E0E5BF00E78369 /* Poppins-ThinItalic.ttf */,
				09D25A0626E0E5BF00E78369 /* Poppins-ExtraLightItalic.ttf */,
				09D25A0726E0E5BF00E78369 /* Poppins-BoldItalic.ttf */,
				09D25A0826E0E5BF00E78369 /* Poppins-Light.ttf */,
				09D25A0926E0E5BF00E78369 /* Poppins-Medium.ttf */,
				09D25A0A26E0E5BF00E78369 /* Poppins-SemiBoldItalic.ttf */,
				09D25A0B26E0E5BF00E78369 /* Poppins-ExtraBoldItalic.ttf */,
				09D25A0C26E0E5BF00E78369 /* Poppins-ExtraBold.ttf */,
				09D25A0D26E0E5BF00E78369 /* Poppins-BlackItalic.ttf */,
				09D25A0F26E0E5BF00E78369 /* Poppins-Regular.ttf */,
				09D25A1026E0E5BF00E78369 /* Poppins-LightItalic.ttf */,
				09D25A1126E0E5BF00E78369 /* Poppins-Bold.ttf */,
				09D25A1226E0E5BF00E78369 /* Poppins-Black.ttf */,
				09D25A1326E0E5BF00E78369 /* Poppins-Thin.ttf */,
				09D25A1426E0E5BF00E78369 /* Poppins-SemiBold.ttf */,
				09D25A1526E0E5BF00E78369 /* Poppins-Italic.ttf */,
				09D25A1626E0E5BF00E78369 /* Poppins-MediumItalic.ttf */,
			);
			path = Poppins;
			sourceTree = "<group>";
		};
/* End PBXGroup section */

/* Begin PBXNativeTarget section */
		09D259CF26E0E46200E78369 /* shortly-app-swiftui-fmlzpw */ = {
			isa = PBXNativeTarget;
			buildConfigurationList = 09D259F526E0E46400E78369 /* Build configuration list for PBXNativeTarget "shortly-app-swiftui-fmlzpw" */;
			buildPhases = (
				09D259CC26E0E46200E78369 /* Sources */,
				09D259CD26E0E46200E78369 /* Frameworks */,
				09D259CE26E0E46200E78369 /* Resources */,
			);
			buildRules = (
			);
			dependencies = (
			);
			name = "shortly-app-swiftui-fmlzpw";
			productName = "shortly-app-swiftui-fmlzpw";
			productReference = 09D259D026E0E46200E78369 /* shortly-app-swiftui-fmlzpw.app */;
			productType = "com.apple.product-type.application";
		};
		09D259E026E0E46400E78369 /* shortly-app-swiftui-fmlzpwTests */ = {
			isa = PBXNativeTarget;
			buildConfigurationList = 09D259F826E0E46400E78369 /* Build configuration list for PBXNativeTarget "shortly-app-swiftui-fmlzpwTests" */;
			buildPhases = (
				09D259DD26E0E46400E78369 /* Sources */,
				09D259DE26E0E46400E78369 /* Frameworks */,
				09D259DF26E0E46400E78369 /* Resources */,
			);
			buildRules = (
			);
			dependencies = (
				09D259E326E0E46400E78369 /* PBXTargetDependency */,
			);
			name = "shortly-app-swiftui-fmlzpwTests";
			productName = "shortly-app-swiftui-fmlzpwTests";
			productReference = 09D259E126E0E46400E78369 /* shortly-app-swiftui-fmlzpwTests.xctest */;
			productType = "com.apple.product-type.bundle.unit-test";
		};
		09D259EB26E0E46400E78369 /* shortly-app-swiftui-fmlzpwUITests */ = {
			isa = PBXNativeTarget;
			buildConfigurationList = 09D259FB26E0E46400E78369 /* Build configuration list for PBXNativeTarget "shortly-app-swiftui-fmlzpwUITests" */;
			buildPhases = (
				09D259E826E0E46400E78369 /* Sources */,
				09D259E926E0E46400E78369 /* Frameworks */,
				09D259EA26E0E46400E78369 /* Resources */,
			);
			buildRules = (
			);
			dependencies = (
				09D259EE26E0E46400E78369 /* PBXTargetDependency */,
			);
			name = "shortly-app-swiftui-fmlzpwUITests";
			productName = "shortly-app-swiftui-fmlzpwUITests";
			productReference = 09D259EC26E0E46400E78369 /* shortly-app-swiftui-fmlzpwUITests.xctest */;
			productType = "com.apple.product-type.bundle.ui-testing";
		};
/* End PBXNativeTarget section */

/* Begin PBXProject section */
		09D259C826E0E46200E78369 /* Project object */ = {
			isa = PBXProject;
			attributes = {
				LastSwiftUpdateCheck = 1250;
				LastUpgradeCheck = 1250;
				TargetAttributes = {
					09D259CF26E0E46200E78369 = {
						CreatedOnToolsVersion = 12.5.1;
					};
					09D259E026E0E46400E78369 = {
						CreatedOnToolsVersion = 12.5.1;
						TestTargetID = 09D259CF26E0E46200E78369;
					};
					09D259EB26E0E46400E78369 = {
						CreatedOnToolsVersion = 12.5.1;
						TestTargetID = 09D259CF26E0E46200E78369;
					};
				};
			};
			buildConfigurationList = 09D259CB26E0E46200E78369 /* Build configuration list for PBXProject "shortly-app-swiftui-fmlzpw" */;
			compatibilityVersion = "Xcode 9.3";
			developmentRegion = en;
			hasScannedForEncodings = 0;
			knownRegions = (
				en,
				Base,
			);
			mainGroup = 09D259C726E0E46200E78369;
			productRefGroup = 09D259D126E0E46200E78369 /* Products */;
			projectDirPath = "";
			projectRoot = "";
			targets = (
				09D259CF26E0E46200E78369 /* shortly-app-swiftui-fmlzpw */,
				09D259E026E0E46400E78369 /* shortly-app-swiftui-fmlzpwTests */,
				09D259EB26E0E46400E78369 /* shortly-app-swiftui-fmlzpwUITests */,
			);
		};
/* End PBXProject section */

/* Begin PBXResourcesBuildPhase section */
		09D259CE26E0E46200E78369 /* Resources */ = {
			isa = PBXResourcesBuildPhase;
			buildActionMask = 2147483647;
			files = (
				09D25A2A26E0E5BF00E78369 /* Poppins-Thin.ttf in Resources */,
				09D25A2D26E0E5BF00E78369 /* Poppins-MediumItalic.ttf in Resources */,
				09D25A2526E0E5BF00E78369 /* OFL.txt in Resources */,
				09D25A1D26E0E5BF00E78369 /* Poppins-ExtraLightItalic.ttf in Resources */,
				09D25A2426E0E5BF00E78369 /* Poppins-BlackItalic.ttf in Resources */,
				09D25A1B26E0E5BF00E78369 /* Poppins-ExtraLight.ttf in Resources */,
				09D25A2B26E0E5BF00E78369 /* Poppins-SemiBold.ttf in Resources */,
				09D25A1E26E0E5BF00E78369 /* Poppins-BoldItalic.ttf in Resources */,
				09D25A1F26E0E5BF00E78369 /* Poppins-Light.ttf in Resources */,
				09D25A2926E0E5BF00E78369 /* Poppins-Black.ttf in Resources */,
				09D25A2C26E0E5BF00E78369 /* Poppins-Italic.ttf in Resources */,
				09D25A2326E0E5BF00E78369 /* Poppins-ExtraBold.ttf in Resources */,
				09D25A2726E0E5BF00E78369 /* Poppins-LightItalic.ttf in Resources */,
				09D25A1926E0E5BF00E78369 /* README.md in Resources */,
				09D25A2126E0E5BF00E78369 /* Poppins-SemiBoldItalic.ttf in Resources */,
				09D25A2626E0E5BF00E78369 /* Poppins-Regular.ttf in Resources */,
				09D25A2226E0E5BF00E78369 /* Poppins-ExtraBoldItalic.ttf in Resources */,
				09D25A2826E0E5BF00E78369 /* Poppins-Bold.ttf in Resources */,
				09D25A1C26E0E5BF00E78369 /* Poppins-ThinItalic.ttf in Resources */,
				09D25A2026E0E5BF00E78369 /* Poppins-Medium.ttf in Resources */,
				09D259DB26E0E46400E78369 /* Preview Assets.xcassets in Resources */,
				09D259D826E0E46400E78369 /* Assets.xcassets in Resources */,
			);
			runOnlyForDeploymentPostprocessing = 0;
		};
		09D259DF26E0E46400E78369 /* Resources */ = {
			isa = PBXResourcesBuildPhase;
			buildActionMask = 2147483647;
			files = (
			);
			runOnlyForDeploymentPostprocessing = 0;
		};
		09D259EA26E0E46400E78369 /* Resources */ = {
			isa = PBXResourcesBuildPhase;
			buildActionMask = 2147483647;
			files = (
			);
			runOnlyForDeploymentPostprocessing = 0;
		};
/* End PBXResourcesBuildPhase section */

/* Begin PBXSourcesBuildPhase section */
		09D259CC26E0E46200E78369 /* Sources */ = {
			isa = PBXSourcesBuildPhase;
			buildActionMask = 2147483647;
			files = (
				091DC9B326E1105A00C4F2CF /* Color extension.swift in Sources */,
				0962BF2726E6440100AC7CB1 /* AnimatingTextView.swift in Sources */,
				09D25A1726E0E5BF00E78369 /* shortly_app_swiftui_fmlzpwApp.swift in Sources */,
				09341BFD26E4E9DB00C212E1 /* FacadeView.swift in Sources */,
				09D25A1A26E0E5BF00E78369 /* ContentView.swift in Sources */,
				0994293426E511C600B9298B /* ConditionalTextFieldOverlayModifier.swift in Sources */,
				09B366B226E5BCEA003E2BDE /* DebuggingBorderModifier.swift in Sources */,
				092B308F26E5E91200B2222B /* BackgroundUIView.swift in Sources */,
				09D25A1826E0E5BF00E78369 /* UrlAndShortened_Pair.swift in Sources */,
				092B309326E5FE0C00B2222B /* sneakPeak_JSONObject.swift in Sources */,
				09341BFF26E5053500C212E1 /* TheShapeImageView.swift in Sources */,
				0962BF2926E6492500AC7CB1 /* CopyButtonView.swift in Sources */,
				09A5E03226E7129A00C0854D /* AdaptivePaddingOverAllDevices.swift in Sources */,
				0906301326E755C800EA1B43 /* urlByURLComponents.swift in Sources */,
				092B309126E5F93C00B2222B /* errorReason.swift in Sources */,
				09E3D65226E1E9FA00B79222 /* Array extension.swift in Sources */,
				0962BF2B26E6614A00AC7CB1 /* UpperCellDataView.swift in Sources */,
				0962BF2D26E6630200AC7CB1 /* LowerCellInputView.swift in Sources */,
				091DC9B126E10D5E00C4F2CF /* FontTestView.swift in Sources */,
				09341C0126E505CA00C212E1 /* TheGlobalUIParameter.swift in Sources */,
				09E3D65426E214F700B79222 /* String extension.swift in Sources */,
				092B308D26E5DE9200B2222B /* IgnoreSafeArea_Unversal.swift in Sources */,
				0906301126E7477A00EA1B43 /* SpacerOnlyForOnlyDevicesWithoutANotch.swift in Sources */,
				09664EA426E784D3000DF64C /* RoundedRectangkeOverlay.swift in Sources */,
			);
			runOnlyForDeploymentPostprocessing = 0;
		};
		09D259DD26E0E46400E78369 /* Sources */ = {
			isa = PBXSourcesBuildPhase;
			buildActionMask = 2147483647;
			files = (
				09D259E626E0E46400E78369 /* shortly_app_swiftui_fmlzpwTests.swift in Sources */,
			);
			runOnlyForDeploymentPostprocessing = 0;
		};
		09D259E826E0E46400E78369 /* Sources */ = {
			isa = PBXSourcesBuildPhase;
			buildActionMask = 2147483647;
			files = (
				09D259F126E0E46400E78369 /* shortly_app_swiftui_fmlzpwUITests.swift in Sources */,
			);
			runOnlyForDeploymentPostprocessing = 0;
		};
/* End PBXSourcesBuildPhase section */

/* Begin PBXTargetDependency section */
		09D259E326E0E46400E78369 /* PBXTargetDependency */ = {
			isa = PBXTargetDependency;
			target = 09D259CF26E0E46200E78369 /* shortly-app-swiftui-fmlzpw */;
			targetProxy = 09D259E226E0E46400E78369 /* PBXContainerItemProxy */;
		};
		09D259EE26E0E46400E78369 /* PBXTargetDependency */ = {
			isa = PBXTargetDependency;
			target = 09D259CF26E0E46200E78369 /* shortly-app-swiftui-fmlzpw */;
			targetProxy = 09D259ED26E0E46400E78369 /* PBXContainerItemProxy */;
		};
/* End PBXTargetDependency section */

/* Begin XCBuildConfiguration section */
		09D259F326E0E46400E78369 /* Debug */ = {
			isa = XCBuildConfiguration;
			buildSettings = {
				ALWAYS_SEARCH_USER_PATHS = NO;
				CLANG_ANALYZER_NONNULL = YES;
				CLANG_ANALYZER_NUMBER_OBJECT_CONVERSION = YES_AGGRESSIVE;
				CLANG_CXX_LANGUAGE_STANDARD = "gnu++14";
				CLANG_CXX_LIBRARY = "libc++";
				CLANG_ENABLE_MODULES = YES;
				CLANG_ENABLE_OBJC_ARC = YES;
				CLANG_ENABLE_OBJC_WEAK = YES;
				CLANG_WARN_BLOCK_CAPTURE_AUTORELEASING = YES;
				CLANG_WARN_BOOL_CONVERSION = YES;
				CLANG_WARN_COMMA = YES;
				CLANG_WARN_CONSTANT_CONVERSION = YES;
				CLANG_WARN_DEPRECATED_OBJC_IMPLEMENTATIONS = YES;
				CLANG_WARN_DIRECT_OBJC_ISA_USAGE = YES_ERROR;
				CLANG_WARN_DOCUMENTATION_COMMENTS = YES;
				CLANG_WARN_EMPTY_BODY = YES;
				CLANG_WARN_ENUM_CONVERSION = YES;
				CLANG_WARN_INFINITE_RECURSION = YES;
				CLANG_WARN_INT_CONVERSION = YES;
				CLANG_WARN_NON_LITERAL_NULL_CONVERSION = YES;
				CLANG_WARN_OBJC_IMPLICIT_RETAIN_SELF = YES;
				CLANG_WARN_OBJC_LITERAL_CONVERSION = YES;
				CLANG_WARN_OBJC_ROOT_CLASS = YES_ERROR;
				CLANG_WARN_QUOTED_INCLUDE_IN_FRAMEWORK_HEADER = YES;
				CLANG_WARN_RANGE_LOOP_ANALYSIS = YES;
				CLANG_WARN_STRICT_PROTOTYPES = YES;
				CLANG_WARN_SUSPICIOUS_MOVE = YES;
				CLANG_WARN_UNGUARDED_AVAILABILITY = YES_AGGRESSIVE;
				CLANG_WARN_UNREACHABLE_CODE = YES;
				CLANG_WARN__DUPLICATE_METHOD_MATCH = YES;
				COPY_PHASE_STRIP = NO;
				DEBUG_INFORMATION_FORMAT = dwarf;
				ENABLE_STRICT_OBJC_MSGSEND = YES;
				ENABLE_TESTABILITY = YES;
				GCC_C_LANGUAGE_STANDARD = gnu11;
				GCC_DYNAMIC_NO_PIC = NO;
				GCC_NO_COMMON_BLOCKS = YES;
				GCC_OPTIMIZATION_LEVEL = 0;
				GCC_PREPROCESSOR_DEFINITIONS = (
					"DEBUG=1",
					"$(inherited)",
				);
				GCC_WARN_64_TO_32_BIT_CONVERSION = YES;
				GCC_WARN_ABOUT_RETURN_TYPE = YES_ERROR;
				GCC_WARN_UNDECLARED_SELECTOR = YES;
				GCC_WARN_UNINITIALIZED_AUTOS = YES_AGGRESSIVE;
				GCC_WARN_UNUSED_FUNCTION = YES;
				GCC_WARN_UNUSED_VARIABLE = YES;
				IPHONEOS_DEPLOYMENT_TARGET = 14.5;
				MTL_ENABLE_DEBUG_INFO = INCLUDE_SOURCE;
				MTL_FAST_MATH = YES;
				ONLY_ACTIVE_ARCH = YES;
				SDKROOT = iphoneos;
				SWIFT_ACTIVE_COMPILATION_CONDITIONS = DEBUG;
				SWIFT_OPTIMIZATION_LEVEL = "-Onone";
			};
			name = Debug;
		};
		09D259F426E0E46400E78369 /* Release */ = {
			isa = XCBuildConfiguration;
			buildSettings = {
				ALWAYS_SEARCH_USER_PATHS = NO;
				CLANG_ANALYZER_NONNULL = YES;
				CLANG_ANALYZER_NUMBER_OBJECT_CONVERSION = YES_AGGRESSIVE;
				CLANG_CXX_LANGUAGE_STANDARD = "gnu++14";
				CLANG_CXX_LIBRARY = "libc++";
				CLANG_ENABLE_MODULES = YES;
				CLANG_ENABLE_OBJC_ARC = YES;
				CLANG_ENABLE_OBJC_WEAK = YES;
				CLANG_WARN_BLOCK_CAPTURE_AUTORELEASING = YES;
				CLANG_WARN_BOOL_CONVERSION = YES;
				CLANG_WARN_COMMA = YES;
				CLANG_WARN_CONSTANT_CONVERSION = YES;
				CLANG_WARN_DEPRECATED_OBJC_IMPLEMENTATIONS = YES;
				CLANG_WARN_DIRECT_OBJC_ISA_USAGE = YES_ERROR;
				CLANG_WARN_DOCUMENTATION_COMMENTS = YES;
				CLANG_WARN_EMPTY_BODY = YES;
				CLANG_WARN_ENUM_CONVERSION = YES;
				CLANG_WARN_INFINITE_RECURSION = YES;
				CLANG_WARN_INT_CONVERSION = YES;
				CLANG_WARN_NON_LITERAL_NULL_CONVERSION = YES;
				CLANG_WARN_OBJC_IMPLICIT_RETAIN_SELF = YES;
				CLANG_WARN_OBJC_LITERAL_CONVERSION = YES;
				CLANG_WARN_OBJC_ROOT_CLASS = YES_ERROR;
				CLANG_WARN_QUOTED_INCLUDE_IN_FRAMEWORK_HEADER = YES;
				CLANG_WARN_RANGE_LOOP_ANALYSIS = YES;
				CLANG_WARN_STRICT_PROTOTYPES = YES;
				CLANG_WARN_SUSPICIOUS_MOVE = YES;
				CLANG_WARN_UNGUARDED_AVAILABILITY = YES_AGGRESSIVE;
				CLANG_WARN_UNREACHABLE_CODE = YES;
				CLANG_WARN__DUPLICATE_METHOD_MATCH = YES;
				COPY_PHASE_STRIP = NO;
				DEBUG_INFORMATION_FORMAT = "dwarf-with-dsym";
				ENABLE_NS_ASSERTIONS = NO;
				ENABLE_STRICT_OBJC_MSGSEND = YES;
				GCC_C_LANGUAGE_STANDARD = gnu11;
				GCC_NO_COMMON_BLOCKS = YES;
				GCC_WARN_64_TO_32_BIT_CONVERSION = YES;
				GCC_WARN_ABOUT_RETURN_TYPE = YES_ERROR;
				GCC_WARN_UNDECLARED_SELECTOR = YES;
				GCC_WARN_UNINITIALIZED_AUTOS = YES_AGGRESSIVE;
				GCC_WARN_UNUSED_FUNCTION = YES;
				GCC_WARN_UNUSED_VARIABLE = YES;
				IPHONEOS_DEPLOYMENT_TARGET = 14.5;
				MTL_ENABLE_DEBUG_INFO = NO;
				MTL_FAST_MATH = YES;
				SDKROOT = iphoneos;
				SWIFT_COMPILATION_MODE = wholemodule;
				SWIFT_OPTIMIZATION_LEVEL = "-O";
				VALIDATE_PRODUCT = YES;
			};
			name = Release;
		};
		09D259F626E0E46400E78369 /* Debug */ = {
			isa = XCBuildConfiguration;
			buildSettings = {
				ASSETCATALOG_COMPILER_APPICON_NAME = AppIcon;
				ASSETCATALOG_COMPILER_GLOBAL_ACCENT_COLOR_NAME = AccentColor;
				CODE_SIGN_STYLE = Automatic;
				DEVELOPMENT_ASSET_PATHS = "\"shortly-app-swiftui-fmlzpw/Preview Content\"";
				DEVELOPMENT_TEAM = B44N46G7XC;
				ENABLE_PREVIEWS = YES;
				INFOPLIST_FILE = "shortly-app-swiftui-fmlzpw/Info.plist";
				IPHONEOS_DEPLOYMENT_TARGET = 14.0;
				LD_RUNPATH_SEARCH_PATHS = (
					"$(inherited)",
					"@executable_path/Frameworks",
				);
				PRODUCT_BUNDLE_IDENTIFIER = "net.sungw.utility.experimental.shortly-app-swiftui-fmlzpw";
				PRODUCT_NAME = "$(TARGET_NAME)";
				SWIFT_VERSION = 5.0;
				TARGETED_DEVICE_FAMILY = "1,2";
			};
			name = Debug;
		};
		09D259F726E0E46400E78369 /* Release */ = {
			isa = XCBuildConfiguration;
			buildSettings = {
				ASSETCATALOG_COMPILER_APPICON_NAME = AppIcon;
				ASSETCATALOG_COMPILER_GLOBAL_ACCENT_COLOR_NAME = AccentColor;
				CODE_SIGN_STYLE = Automatic;
				DEVELOPMENT_ASSET_PATHS = "\"shortly-app-swiftui-fmlzpw/Preview Content\"";
				DEVELOPMENT_TEAM = B44N46G7XC;
				ENABLE_PREVIEWS = YES;
				INFOPLIST_FILE = "shortly-app-swiftui-fmlzpw/Info.plist";
				IPHONEOS_DEPLOYMENT_TARGET = 14.0;
				LD_RUNPATH_SEARCH_PATHS = (
					"$(inherited)",
					"@executable_path/Frameworks",
				);
				PRODUCT_BUNDLE_IDENTIFIER = "net.sungw.utility.experimental.shortly-app-swiftui-fmlzpw";
				PRODUCT_NAME = "$(TARGET_NAME)";
				SWIFT_VERSION = 5.0;
				TARGETED_DEVICE_FAMILY = "1,2";
			};
			name = Release;
		};
		09D259F926E0E46400E78369 /* Debug */ = {
			isa = XCBuildConfiguration;
			buildSettings = {
				ALWAYS_EMBED_SWIFT_STANDARD_LIBRARIES = YES;
				BUNDLE_LOADER = "$(TEST_HOST)";
				CODE_SIGN_STYLE = Automatic;
				DEVELOPMENT_TEAM = B44N46G7XC;
				INFOPLIST_FILE = "shortly-app-swiftui-fmlzpwTests/Info.plist";
				IPHONEOS_DEPLOYMENT_TARGET = 14.0;
				LD_RUNPATH_SEARCH_PATHS = (
					"$(inherited)",
					"@executable_path/Frameworks",
					"@loader_path/Frameworks",
				);
				PRODUCT_BUNDLE_IDENTIFIER = "net.sungw.utility.experimental.shortly-app-swiftui-fmlzpwTests";
				PRODUCT_NAME = "$(TARGET_NAME)";
				SWIFT_VERSION = 5.0;
				TARGETED_DEVICE_FAMILY = "1,2";
				TEST_HOST = "$(BUILT_PRODUCTS_DIR)/shortly-app-swiftui-fmlzpw.app/shortly-app-swiftui-fmlzpw";
			};
			name = Debug;
		};
		09D259FA26E0E46400E78369 /* Release */ = {
			isa = XCBuildConfiguration;
			buildSettings = {
				ALWAYS_EMBED_SWIFT_STANDARD_LIBRARIES = YES;
				BUNDLE_LOADER = "$(TEST_HOST)";
				CODE_SIGN_STYLE = Automatic;
				DEVELOPMENT_TEAM = B44N46G7XC;
				INFOPLIST_FILE = "shortly-app-swiftui-fmlzpwTests/Info.plist";
				IPHONEOS_DEPLOYMENT_TARGET = 14.0;
				LD_RUNPATH_SEARCH_PATHS = (
					"$(inherited)",
					"@executable_path/Frameworks",
					"@loader_path/Frameworks",
				);
				PRODUCT_BUNDLE_IDENTIFIER = "net.sungw.utility.experimental.shortly-app-swiftui-fmlzpwTests";
				PRODUCT_NAME = "$(TARGET_NAME)";
				SWIFT_VERSION = 5.0;
				TARGETED_DEVICE_FAMILY = "1,2";
				TEST_HOST = "$(BUILT_PRODUCTS_DIR)/shortly-app-swiftui-fmlzpw.app/shortly-app-swiftui-fmlzpw";
			};
			name = Release;
		};
		09D259FC26E0E46400E78369 /* Debug */ = {
			isa = XCBuildConfiguration;
			buildSettings = {
				ALWAYS_EMBED_SWIFT_STANDARD_LIBRARIES = YES;
				CODE_SIGN_STYLE = Automatic;
				DEVELOPMENT_TEAM = B44N46G7XC;
				INFOPLIST_FILE = "shortly-app-swiftui-fmlzpwUITests/Info.plist";
				LD_RUNPATH_SEARCH_PATHS = (
					"$(inherited)",
					"@executable_path/Frameworks",
					"@loader_path/Frameworks",
				);
				PRODUCT_BUNDLE_IDENTIFIER = "net.sungw.utility.experimental.shortly-app-swiftui-fmlzpwUITests";
				PRODUCT_NAME = "$(TARGET_NAME)";
				SWIFT_VERSION = 5.0;
				TARGETED_DEVICE_FAMILY = "1,2";
				TEST_TARGET_NAME = "shortly-app-swiftui-fmlzpw";
			};
			name = Debug;
		};
		09D259FD26E0E46400E78369 /* Release */ = {
			isa = XCBuildConfiguration;
			buildSettings = {
				ALWAYS_EMBED_SWIFT_STANDARD_LIBRARIES = YES;
				CODE_SIGN_STYLE = Automatic;
				DEVELOPMENT_TEAM = B44N46G7XC;
				INFOPLIST_FILE = "shortly-app-swiftui-fmlzpwUITests/Info.plist";
				LD_RUNPATH_SEARCH_PATHS = (
					"$(inherited)",
					"@executable_path/Frameworks",
					"@loader_path/Frameworks",
				);
				PRODUCT_BUNDLE_IDENTIFIER = "net.sungw.utility.experimental.shortly-app-swiftui-fmlzpwUITests";
				PRODUCT_NAME = "$(TARGET_NAME)";
				SWIFT_VERSION = 5.0;
				TARGETED_DEVICE_FAMILY = "1,2";
				TEST_TARGET_NAME = "shortly-app-swiftui-fmlzpw";
			};
			name = Release;
		};
/* End XCBuildConfiguration section */

/* Begin XCConfigurationList section */
		09D259CB26E0E46200E78369 /* Build configuration list for PBXProject "shortly-app-swiftui-fmlzpw" */ = {
			isa = XCConfigurationList;
			buildConfigurations = (
				09D259F326E0E46400E78369 /* Debug */,
				09D259F426E0E46400E78369 /* Release */,
			);
			defaultConfigurationIsVisible = 0;
			defaultConfigurationName = Release;
		};
		09D259F526E0E46400E78369 /* Build configuration list for PBXNativeTarget "shortly-app-swiftui-fmlzpw" */ = {
			isa = XCConfigurationList;
			buildConfigurations = (
				09D259F626E0E46400E78369 /* Debug */,
				09D259F726E0E46400E78369 /* Release */,
			);
			defaultConfigurationIsVisible = 0;
			defaultConfigurationName = Release;
		};
		09D259F826E0E46400E78369 /* Build configuration list for PBXNativeTarget "shortly-app-swiftui-fmlzpwTests" */ = {
			isa = XCConfigurationList;
			buildConfigurations = (
				09D259F926E0E46400E78369 /* Debug */,
				09D259FA26E0E46400E78369 /* Release */,
			);
			defaultConfigurationIsVisible = 0;
			defaultConfigurationName = Release;
		};
		09D259FB26E0E46400E78369 /* Build configuration list for PBXNativeTarget "shortly-app-swiftui-fmlzpwUITests" */ = {
			isa = XCConfigurationList;
			buildConfigurations = (
				09D259FC26E0E46400E78369 /* Debug */,
				09D259FD26E0E46400E78369 /* Release */,
			);
			defaultConfigurationIsVisible = 0;
			defaultConfigurationName = Release;
		};
/* End XCConfigurationList section */
	};
	rootObject = 09D259C826E0E46200E78369 /* Project object */;
}
